
Microsoft Visual Studio Solution File, Format Version 12.00
# Visual Studio Version 16
VisualStudioVersion = 16.0.31729.503
MinimumVisualStudioVersion = 10.0.40219.1
Project("{FAE04EC0-301F-11D3-BF4B-00C04F79EFBC}") = "Practice_With_WebAPI", "Practice_With_WebAPI\Practice_With_WebAPI.csproj", "{B1EC9EE9-F224-484D-AC35-EE4BF0063FEF}"
EndProject
Global
	GlobalSection(SolutionConfigurationPlatforms) = preSolution
		Debug|Any CPU = Debug|Any CPU
		Release|Any CPU = Release|Any CPU
	EndGlobalSection
	GlobalSection(ProjectConfigurationPlatforms) = postSolution
		{B1EC9EE9-F224-484D-AC35-EE4BF0063FEF}.Debug|Any CPU.ActiveCfg = Debug|Any CPU
		{B1EC9EE9-F224-484D-AC35-EE4BF0063FEF}.Debug|Any CPU.Build.0 = Debug|Any CPU
		{B1EC9EE9-F224-484D-AC35-EE4BF0063FEF}.Release|Any CPU.ActiveCfg = Release|Any CPU
		{B1EC9EE9-F224-484D-AC35-EE4BF0063FEF}.Release|Any CPU.Build.0 = Release|Any CPU
	EndGlobalSection
	GlobalSection(SolutionProperties) = preSolution
		HideSolutionNode = FALSE
	EndGlobalSection
	GlobalSection(ExtensibilityGlobals) = postSolution
		SolutionGuid = {026EDF18-F63D-4089-A22C-9FB21282AE02}
	EndGlobalSection
EndGlobal
